// !$*UTF8*$!
{
	archiveVersion = 1;
	classes = {
	};
	objectVersion = 77;
	objects = {

/* Begin PBXBuildFile section */
		566654732DEB19BE008A54D1 /* SmoothOutlinedLabel.swift in Sources */ = {isa = PBXBuildFile; fileRef = 566654722DEB19BE008A54D1 /* SmoothOutlinedLabel.swift */; };
/* End PBXBuildFile section */

/* Begin PBXContainerItemProxy section */
		5666541E2DEB165A008A54D1 /* PBXContainerItemProxy */ = {
			isa = PBXContainerItemProxy;
			containerPortal = 566653FF2DEB1657008A54D1 /* Project object */;
			proxyType = 1;
			remoteGlobalIDString = 566654062DEB1657008A54D1;
			remoteInfo = SmoothOutlinedLabelDemo;
		};
		566654282DEB165A008A54D1 /* PBXContainerItemProxy */ = {
			isa = PBXContainerItemProxy;
			containerPortal = 566653FF2DEB1657008A54D1 /* Project object */;
			proxyType = 1;
			remoteGlobalIDString = 566654062DEB1657008A54D1;
			remoteInfo = SmoothOutlinedLabelDemo;
		};
/* End PBXContainerItemProxy section */

/* Begin PBXFileReference section */
		566654072DEB1657008A54D1 /* SmoothOutlinedLabelDemo.app */ = {isa = PBXFileReference; explicitFileType = wrapper.application; includeInIndex = 0; path = SmoothOutlinedLabelDemo.app; sourceTree = BUILT_PRODUCTS_DIR; };
		5666541D2DEB165A008A54D1 /* SmoothOutlinedLabelDemoTests.xctest */ = {isa = PBXFileReference; explicitFileType = wrapper.cfbundle; includeInIndex = 0; path = SmoothOutlinedLabelDemoTests.xctest; sourceTree = BUILT_PRODUCTS_DIR; };
		566654272DEB165A008A54D1 /* SmoothOutlinedLabelDemoUITests.xctest */ = {isa = PBXFileReference; explicitFileType = wrapper.cfbundle; includeInIndex = 0; path = SmoothOutlinedLabelDemoUITests.xctest; sourceTree = BUILT_PRODUCTS_DIR; };
		566654722DEB19BE008A54D1 /* SmoothOutlinedLabel.swift */ = {isa = PBXFileReference; lastKnownFileType = sourcecode.swift; path = SmoothOutlinedLabel.swift; sourceTree = "<group>"; };
/* End PBXFileReference section */

/* Begin PBXFileSystemSynchronizedBuildFileExceptionSet section */
		5666542F2DEB165A008A54D1 /* Exceptions for "SmoothOutlinedLabelDemo" folder in "SmoothOutlinedLabelDemo" target */ = {
			isa = PBXFileSystemSynchronizedBuildFileExceptionSet;
			membershipExceptions = (
				Info.plist,
			);
			target = 566654062DEB1657008A54D1 /* SmoothOutlinedLabelDemo */;
		};
/* End PBXFileSystemSynchronizedBuildFileExceptionSet section */

/* Begin PBXFileSystemSynchronizedRootGroup section */
		566654092DEB1657008A54D1 /* SmoothOutlinedLabelDemo */ = {
			isa = PBXFileSystemSynchronizedRootGroup;
			exceptions = (
				5666542F2DEB165A008A54D1 /* Exceptions for "SmoothOutlinedLabelDemo" folder in "SmoothOutlinedLabelDemo" target */,
			);
			path = SmoothOutlinedLabelDemo;
			sourceTree = "<group>";
		};
		566654202DEB165A008A54D1 /* SmoothOutlinedLabelDemoTests */ = {
			isa = PBXFileSystemSynchronizedRootGroup;
			path = SmoothOutlinedLabelDemoTests;
			sourceTree = "<group>";
		};
		5666542A2DEB165A008A54D1 /* SmoothOutlinedLabelDemoUITests */ = {
			isa = PBXFileSystemSynchronizedRootGroup;
			path = SmoothOutlinedLabelDemoUITests;
			sourceTree = "<group>";
		};
/* End PBXFileSystemSynchronizedRootGroup section */

/* Begin PBXFrameworksBuildPhase section */
		566654042DEB1657008A54D1 /* Frameworks */ = {
			isa = PBXFrameworksBuildPhase;
			buildActionMask = 2147483647;
			files = (
			);
			runOnlyForDeploymentPostprocessing = 0;
		};
		5666541A2DEB165A008A54D1 /* Frameworks */ = {
			isa = PBXFrameworksBuildPhase;
			buildActionMask = 2147483647;
			files = (
			);
			runOnlyForDeploymentPostprocessing = 0;
		};
		566654242DEB165A008A54D1 /* Frameworks */ = {
			isa = PBXFrameworksBuildPhase;
			buildActionMask = 2147483647;
			files = (
			);
			runOnlyForDeploymentPostprocessing = 0;
		};
/* End PBXFrameworksBuildPhase section */

/* Begin PBXGroup section */
		566653FE2DEB1657008A54D1 = {
			isa = PBXGroup;
			children = (
				5666546D2DEB1904008A54D1 /* SmoothOutlinedLabel */,
				566654092DEB1657008A54D1 /* SmoothOutlinedLabelDemo */,
				566654202DEB165A008A54D1 /* SmoothOutlinedLabelDemoTests */,
				5666542A2DEB165A008A54D1 /* SmoothOutlinedLabelDemoUITests */,
				566654082DEB1657008A54D1 /* Products */,
			);
			sourceTree = "<group>";
		};
		566654082DEB1657008A54D1 /* Products */ = {
			isa = PBXGroup;
			children = (
				566654072DEB1657008A54D1 /* SmoothOutlinedLabelDemo.app */,
				5666541D2DEB165A008A54D1 /* SmoothOutlinedLabelDemoTests.xctest */,
				566654272DEB165A008A54D1 /* SmoothOutlinedLabelDemoUITests.xctest */,
			);
			name = Products;
			sourceTree = "<group>";
		};
		5666546D2DEB1904008A54D1 /* SmoothOutlinedLabel */ = {
			isa = PBXGroup;
			children = (
				566654722DEB19BE008A54D1 /* SmoothOutlinedLabel.swift */,
			);
			path = SmoothOutlinedLabel;
			sourceTree = "<group>";
		};
/* End PBXGroup section */

/* Begin PBXNativeTarget section */
		566654062DEB1657008A54D1 /* SmoothOutlinedLabelDemo */ = {
			isa = PBXNativeTarget;
			buildConfigurationList = 566654302DEB165A008A54D1 /* Build configuration list for PBXNativeTarget "SmoothOutlinedLabelDemo" */;
			buildPhases = (
				566654032DEB1657008A54D1 /* Sources */,
				566654042DEB1657008A54D1 /* Frameworks */,
				566654052DEB1657008A54D1 /* Resources */,
			);
			buildRules = (
			);
			dependencies = (
			);
			fileSystemSynchronizedGroups = (
				566654092DEB1657008A54D1 /* SmoothOutlinedLabelDemo */,
			);
			name = SmoothOutlinedLabelDemo;
			packageProductDependencies = (
			);
			productName = SmoothOutlinedLabelDemo;
			productReference = 566654072DEB1657008A54D1 /* SmoothOutlinedLabelDemo.app */;
			productType = "com.apple.product-type.application";
		};
		5666541C2DEB165A008A54D1 /* SmoothOutlinedLabelDemoTests */ = {
			isa = PBXNativeTarget;
			buildConfigurationList = 566654352DEB165A008A54D1 /* Build configuration list for PBXNativeTarget "SmoothOutlinedLabelDemoTests" */;
			buildPhases = (
				566654192DEB165A008A54D1 /* Sources */,
				5666541A2DEB165A008A54D1 /* Frameworks */,
				5666541B2DEB165A008A54D1 /* Resources */,
			);
			buildRules = (
			);
			dependencies = (
				5666541F2DEB165A008A54D1 /* PBXTargetDependency */,
			);
			fileSystemSynchronizedGroups = (
				566654202DEB165A008A54D1 /* SmoothOutlinedLabelDemoTests */,
			);
			name = SmoothOutlinedLabelDemoTests;
			packageProductDependencies = (
			);
			productName = SmoothOutlinedLabelDemoTests;
			productReference = 5666541D2DEB165A008A54D1 /* SmoothOutlinedLabelDemoTests.xctest */;
			productType = "com.apple.product-type.bundle.unit-test";
		};
		566654262DEB165A008A54D1 /* SmoothOutlinedLabelDemoUITests */ = {
			isa = PBXNativeTarget;
			buildConfigurationList = 566654382DEB165A008A54D1 /* Build configuration list for PBXNativeTarget "SmoothOutlinedLabelDemoUITests" */;
			buildPhases = (
				566654232DEB165A008A54D1 /* Sources */,
				566654242DEB165A008A54D1 /* Frameworks */,
				566654252DEB165A008A54D1 /* Resources */,
			);
			buildRules = (
			);
			dependencies = (
				566654292DEB165A008A54D1 /* PBXTargetDependency */,
			);
			fileSystemSynchronizedGroups = (
				5666542A2DEB165A008A54D1 /* SmoothOutlinedLabelDemoUITests */,
			);
			name = SmoothOutlinedLabelDemoUITests;
			packageProductDependencies = (
			);
			productName = SmoothOutlinedLabelDemoUITests;
			productReference = 566654272DEB165A008A54D1 /* SmoothOutlinedLabelDemoUITests.xctest */;
			productType = "com.apple.product-type.bundle.ui-testing";
		};
/* End PBXNativeTarget section */

/* Begin PBXProject section */
		566653FF2DEB1657008A54D1 /* Project object */ = {
			isa = PBXProject;
			attributes = {
				BuildIndependentTargetsInParallel = 1;
				LastSwiftUpdateCheck = 1620;
				LastUpgradeCheck = 1620;
				TargetAttributes = {
					566654062DEB1657008A54D1 = {
						CreatedOnToolsVersion = 16.2;
					};
					5666541C2DEB165A008A54D1 = {
						CreatedOnToolsVersion = 16.2;
						TestTargetID = 566654062DEB1657008A54D1;
					};
					566654262DEB165A008A54D1 = {
						CreatedOnToolsVersion = 16.2;
						TestTargetID = 566654062DEB1657008A54D1;
					};
				};
			};
			buildConfigurationList = 566654022DEB1657008A54D1 /* Build configuration list for PBXProject "SmoothOutlinedLabelDemo" */;
			developmentRegion = en;
			hasScannedForEncodings = 0;
			knownRegions = (
				en,
				Base,
			);
			mainGroup = 566653FE2DEB1657008A54D1;
			minimizedProjectReferenceProxies = 1;
			preferredProjectObjectVersion = 77;
			productRefGroup = 566654082DEB1657008A54D1 /* Products */;
			projectDirPath = "";
			projectRoot = "";
			targets = (
				566654062DEB1657008A54D1 /* SmoothOutlinedLabelDemo */,
				5666541C2DEB165A008A54D1 /* SmoothOutlinedLabelDemoTests */,
				566654262DEB165A008A54D1 /* SmoothOutlinedLabelDemoUITests */,
			);
		};
/* End PBXProject section */

/* Begin PBXResourcesBuildPhase section */
		566654052DEB1657008A54D1 /* Resources */ = {
			isa = PBXResourcesBuildPhase;
			buildActionMask = 2147483647;
			files = (
			);
			runOnlyForDeploymentPostprocessing = 0;
		};
		5666541B2DEB165A008A54D1 /* Resources */ = {
			isa = PBXResourcesBuildPhase;
			buildActionMask = 2147483647;
			files = (
			);
			runOnlyForDeploymentPostprocessing = 0;
		};
		566654252DEB165A008A54D1 /* Resources */ = {
			isa = PBXResourcesBuildPhase;
			buildActionMask = 2147483647;
			files = (
			);
			runOnlyForDeploymentPostprocessing = 0;
		};
/* End PBXResourcesBuildPhase section */

/* Begin PBXSourcesBuildPhase section */
		566654032DEB1657008A54D1 /* Sources */ = {
			isa = PBXSourcesBuildPhase;
			buildActionMask = 2147483647;
			files = (
				566654732DEB19BE008A54D1 /* SmoothOutlinedLabel.swift in Sources */,
			);
			runOnlyForDeploymentPostprocessing = 0;
		};
		566654192DEB165A008A54D1 /* Sources */ = {
			isa = PBXSourcesBuildPhase;
			buildActionMask = 2147483647;
			files = (
			);
			runOnlyForDeploymentPostprocessing = 0;
		};
		566654232DEB165A008A54D1 /* Sources */ = {
			isa = PBXSourcesBuildPhase;
			buildActionMask = 2147483647;
			files = (
			);
			runOnlyForDeploymentPostprocessing = 0;
		};
/* End PBXSourcesBuildPhase section */

/* Begin PBXTargetDependency section */
		5666541F2DEB165A008A54D1 /* PBXTargetDependency */ = {
			isa = PBXTargetDependency;
			target = 566654062DEB1657008A54D1 /* SmoothOutlinedLabelDemo */;
			targetProxy = 5666541E2DEB165A008A54D1 /* PBXContainerItemProxy */;
		};
		566654292DEB165A008A54D1 /* PBXTargetDependency */ = {
			isa = PBXTargetDependency;
			target = 566654062DEB1657008A54D1 /* SmoothOutlinedLabelDemo */;
			targetProxy = 566654282DEB165A008A54D1 /* PBXContainerItemProxy */;
		};
/* End PBXTargetDependency section */

/* Begin XCBuildConfiguration section */
		566654312DEB165A008A54D1 /* Debug */ = {
			isa = XCBuildConfiguration;
			buildSettings = {
				ASSETCATALOG_COMPILER_APPICON_NAME = AppIcon;
				ASSETCATALOG_COMPILER_GLOBAL_ACCENT_COLOR_NAME = AccentColor;
				CODE_SIGN_STYLE = Automatic;
				CURRENT_PROJECT_VERSION = 1;
				DEVELOPMENT_TEAM = QM32T3R7FX;
				GENERATE_INFOPLIST_FILE = YES;
				INFOPLIST_FILE = SmoothOutlinedLabelDemo/Info.plist;
				INFOPLIST_KEY_UIApplicationSupportsIndirectInputEvents = YES;
				INFOPLIST_KEY_UILaunchStoryboardName = LaunchScreen;
				INFOPLIST_KEY_UIMainStoryboardFile = Main;
				INFOPLIST_KEY_UISupportedInterfaceOrientations_iPad = "UIInterfaceOrientationPortrait UIInterfaceOrientationPortraitUpsideDown UIInterfaceOrientationLandscapeLeft UIInterfaceOrientationLandscapeRight";
				INFOPLIST_KEY_UISupportedInterfaceOrientations_iPhone = "UIInterfaceOrientationPortrait UIInterfaceOrientationLandscapeLeft UIInterfaceOrientationLandscapeRight";
				IPHONEOS_DEPLOYMENT_TARGET = 15.6;
				LD_RUNPATH_SEARCH_PATHS = (
					"$(inherited)",
					"@executable_path/Frameworks",
				);
				MARKETING_VERSION = 1.0;
				PRODUCT_BUNDLE_IDENTIFIER = com.SmoothOutlinedLabelDemo;
				PRODUCT_NAME = "$(TARGET_NAME)";
				SWIFT_EMIT_LOC_STRINGS = YES;
				SWIFT_VERSION = 5.0;
				TARGETED_DEVICE_FAMILY = "1,2";
			};
			name = Debug;
		};
		566654322DEB165A008A54D1 /* Release */ = {
			isa = XCBuildConfiguration;
			buildSettings = {
				ASSETCATALOG_COMPILER_APPICON_NAME = AppIcon;
				ASSETCATALOG_COMPILER_GLOBAL_ACCENT_COLOR_NAME = AccentColor;
				CODE_SIGN_STYLE = Automatic;
				CURRENT_PROJECT_VERSION = 1;
				DEVELOPMENT_TEAM = QM32T3R7FX;
				GENERATE_INFOPLIST_FILE = YES;
				INFOPLIST_FILE = SmoothOutlinedLabelDemo/Info.plist;
				INFOPLIST_KEY_UIApplicationSupportsIndirectInputEvents = YES;
				INFOPLIST_KEY_UILaunchStoryboardName = LaunchScreen;
				INFOPLIST_KEY_UIMainStoryboardFile = Main;
				INFOPLIST_KEY_UISupportedInterfaceOrientations_iPad = "UIInterfaceOrientationPortrait UIInterfaceOrientationPortraitUpsideDown UIInterfaceOrientationLandscapeLeft UIInterfaceOrientationLandscapeRight";
				INFOPLIST_KEY_UISupportedInterfaceOrientations_iPhone = "UIInterfaceOrientationPortrait UIInterfaceOrientationLandscapeLeft UIInterfaceOrientationLandscapeRight";
				IPHONEOS_DEPLOYMENT_TARGET = 15.6;
				LD_RUNPATH_SEARCH_PATHS = (
					"$(inherited)",
					"@executable_path/Frameworks",
				);
				MARKETING_VERSION = 1.0;
				PRODUCT_BUNDLE_IDENTIFIER = com.SmoothOutlinedLabelDemo;
				PRODUCT_NAME = "$(TARGET_NAME)";
				SWIFT_EMIT_LOC_STRINGS = YES;
				SWIFT_VERSION = 5.0;
				TARGETED_DEVICE_FAMILY = "1,2";
			};
			name = Release;
		};
		566654332DEB165A008A54D1 /* Debug */ = {
			isa = XCBuildConfiguration;
			buildSettings = {
				ALWAYS_SEARCH_USER_PATHS = NO;
				ASSETCATALOG_COMPILER_GENERATE_SWIFT_ASSET_SYMBOL_EXTENSIONS = YES;
				CLANG_ANALYZER_NONNULL = YES;
				CLANG_ANALYZER_NUMBER_OBJECT_CONVERSION = YES_AGGRESSIVE;
				CLANG_CXX_LANGUAGE_STANDARD = "gnu++20";
				CLANG_ENABLE_MODULES = YES;
				CLANG_ENABLE_OBJC_ARC = YES;
				CLANG_ENABLE_OBJC_WEAK = YES;
				CLANG_WARN_BLOCK_CAPTURE_AUTORELEASING = YES;
				CLANG_WARN_BOOL_CONVERSION = YES;
				CLANG_WARN_COMMA = YES;
				CLANG_WARN_CONSTANT_CONVERSION = YES;
				CLANG_WARN_DEPRECATED_OBJC_IMPLEMENTATIONS = YES;
				CLANG_WARN_DIRECT_OBJC_ISA_USAGE = YES_ERROR;
				CLANG_WARN_DOCUMENTATION_COMMENTS = YES;
				CLANG_WARN_EMPTY_BODY = YES;
				CLANG_WARN_ENUM_CONVERSION = YES;
				CLANG_WARN_INFINITE_RECURSION = YES;
				CLANG_WARN_INT_CONVERSION = YES;
				CLANG_WARN_NON_LITERAL_NULL_CONVERSION = YES;
				CLANG_WARN_OBJC_IMPLICIT_RETAIN_SELF = YES;
				CLANG_WARN_OBJC_LITERAL_CONVERSION = YES;
				CLANG_WARN_OBJC_ROOT_CLASS = YES_ERROR;
				CLANG_WARN_QUOTED_INCLUDE_IN_FRAMEWORK_HEADER = YES;
				CLANG_WARN_RANGE_LOOP_ANALYSIS = YES;
				CLANG_WARN_STRICT_PROTOTYPES = YES;
				CLANG_WARN_SUSPICIOUS_MOVE = YES;
				CLANG_WARN_UNGUARDED_AVAILABILITY = YES_AGGRESSIVE;
				CLANG_WARN_UNREACHABLE_CODE = YES;
				CLANG_WARN__DUPLICATE_METHOD_MATCH = YES;
				COPY_PHASE_STRIP = NO;
				DEBUG_INFORMATION_FORMAT = dwarf;
				ENABLE_STRICT_OBJC_MSGSEND = YES;
				ENABLE_TESTABILITY = YES;
				ENABLE_USER_SCRIPT_SANDBOXING = YES;
				GCC_C_LANGUAGE_STANDARD = gnu17;
				GCC_DYNAMIC_NO_PIC = NO;
				GCC_NO_COMMON_BLOCKS = YES;
				GCC_OPTIMIZATION_LEVEL = 0;
				GCC_PREPROCESSOR_DEFINITIONS = (
					"DEBUG=1",
					"$(inherited)",
				);
				GCC_WARN_64_TO_32_BIT_CONVERSION = YES;
				GCC_WARN_ABOUT_RETURN_TYPE = YES_ERROR;
				GCC_WARN_UNDECLARED_SELECTOR = YES;
				GCC_WARN_UNINITIALIZED_AUTOS = YES_AGGRESSIVE;
				GCC_WARN_UNUSED_FUNCTION = YES;
				GCC_WARN_UNUSED_VARIABLE = YES;
				IPHONEOS_DEPLOYMENT_TARGET = 18.2;
				LOCALIZATION_PREFERS_STRING_CATALOGS = YES;
				MTL_ENABLE_DEBUG_INFO = INCLUDE_SOURCE;
				MTL_FAST_MATH = YES;
				ONLY_ACTIVE_ARCH = YES;
				SDKROOT = iphoneos;
				SWIFT_ACTIVE_COMPILATION_CONDITIONS = "DEBUG $(inherited)";
				SWIFT_OPTIMIZATION_LEVEL = "-Onone";
			};
			name = Debug;
		};
		566654342DEB165A008A54D1 /* Release */ = {
			isa = XCBuildConfiguration;
			buildSettings = {
				ALWAYS_SEARCH_USER_PATHS = NO;
				ASSETCATALOG_COMPILER_GENERATE_SWIFT_ASSET_SYMBOL_EXTENSIONS = YES;
				CLANG_ANALYZER_NONNULL = YES;
				CLANG_ANALYZER_NUMBER_OBJECT_CONVERSION = YES_AGGRESSIVE;
				CLANG_CXX_LANGUAGE_STANDARD = "gnu++20";
				CLANG_ENABLE_MODULES = YES;
				CLANG_ENABLE_OBJC_ARC = YES;
				CLANG_ENABLE_OBJC_WEAK = YES;
				CLANG_WARN_BLOCK_CAPTURE_AUTORELEASING = YES;
				CLANG_WARN_BOOL_CONVERSION = YES;
				CLANG_WARN_COMMA = YES;
				CLANG_WARN_CONSTANT_CONVERSION = YES;
				CLANG_WARN_DEPRECATED_OBJC_IMPLEMENTATIONS = YES;
				CLANG_WARN_DIRECT_OBJC_ISA_USAGE = YES_ERROR;
				CLANG_WARN_DOCUMENTATION_COMMENTS = YES;
				CLANG_WARN_EMPTY_BODY = YES;
				CLANG_WARN_ENUM_CONVERSION = YES;
				CLANG_WARN_INFINITE_RECURSION = YES;
				CLANG_WARN_INT_CONVERSION = YES;
				CLANG_WARN_NON_LITERAL_NULL_CONVERSION = YES;
				CLANG_WARN_OBJC_IMPLICIT_RETAIN_SELF = YES;
				CLANG_WARN_OBJC_LITERAL_CONVERSION = YES;
				CLANG_WARN_OBJC_ROOT_CLASS = YES_ERROR;
				CLANG_WARN_QUOTED_INCLUDE_IN_FRAMEWORK_HEADER = YES;
				CLANG_WARN_RANGE_LOOP_ANALYSIS = YES;
				CLANG_WARN_STRICT_PROTOTYPES = YES;
				CLANG_WARN_SUSPICIOUS_MOVE = YES;
				CLANG_WARN_UNGUARDED_AVAILABILITY = YES_AGGRESSIVE;
				CLANG_WARN_UNREACHABLE_CODE = YES;
				CLANG_WARN__DUPLICATE_METHOD_MATCH = YES;
				COPY_PHASE_STRIP = NO;
				DEBUG_INFORMATION_FORMAT = "dwarf-with-dsym";
				ENABLE_NS_ASSERTIONS = NO;
				ENABLE_STRICT_OBJC_MSGSEND = YES;
				ENABLE_USER_SCRIPT_SANDBOXING = YES;
				GCC_C_LANGUAGE_STANDARD = gnu17;
				GCC_NO_COMMON_BLOCKS = YES;
				GCC_WARN_64_TO_32_BIT_CONVERSION = YES;
				GCC_WARN_ABOUT_RETURN_TYPE = YES_ERROR;
				GCC_WARN_UNDECLARED_SELECTOR = YES;
				GCC_WARN_UNINITIALIZED_AUTOS = YES_AGGRESSIVE;
				GCC_WARN_UNUSED_FUNCTION = YES;
				GCC_WARN_UNUSED_VARIABLE = YES;
				IPHONEOS_DEPLOYMENT_TARGET = 18.2;
				LOCALIZATION_PREFERS_STRING_CATALOGS = YES;
				MTL_ENABLE_DEBUG_INFO = NO;
				MTL_FAST_MATH = YES;
				SDKROOT = iphoneos;
				SWIFT_COMPILATION_MODE = wholemodule;
				VALIDATE_PRODUCT = YES;
			};
			name = Release;
		};
		566654362DEB165A008A54D1 /* Debug */ = {
			isa = XCBuildConfiguration;
			buildSettings = {
				BUNDLE_LOADER = "$(TEST_HOST)";
				CODE_SIGN_STYLE = Automatic;
				CURRENT_PROJECT_VERSION = 1;
				DEVELOPMENT_TEAM = QM32T3R7FX;
				GENERATE_INFOPLIST_FILE = YES;
				IPHONEOS_DEPLOYMENT_TARGET = 18.2;
				MARKETING_VERSION = 1.0;
				PRODUCT_BUNDLE_IDENTIFIER = com.aitori.moment.SmoothOutlinedLabelDemoTests;
				PRODUCT_NAME = "$(TARGET_NAME)";
				SWIFT_EMIT_LOC_STRINGS = NO;
				SWIFT_VERSION = 5.0;
				TARGETED_DEVICE_FAMILY = "1,2";
				TEST_HOST = "$(BUILT_PRODUCTS_DIR)/SmoothOutlinedLabelDemo.app/$(BUNDLE_EXECUTABLE_FOLDER_PATH)/SmoothOutlinedLabelDemo";
			};
			name = Debug;
		};
		566654372DEB165A008A54D1 /* Release */ = {
			isa = XCBuildConfiguration;
			buildSettings = {
				BUNDLE_LOADER = "$(TEST_HOST)";
				CODE_SIGN_STYLE = Automatic;
				CURRENT_PROJECT_VERSION = 1;
				DEVELOPMENT_TEAM = QM32T3R7FX;
				GENERATE_INFOPLIST_FILE = YES;
				IPHONEOS_DEPLOYMENT_TARGET = 18.2;
				MARKETING_VERSION = 1.0;
				PRODUCT_BUNDLE_IDENTIFIER = com.aitori.moment.SmoothOutlinedLabelDemoTests;
				PRODUCT_NAME = "$(TARGET_NAME)";
				SWIFT_EMIT_LOC_STRINGS = NO;
				SWIFT_VERSION = 5.0;
				TARGETED_DEVICE_FAMILY = "1,2";
				TEST_HOST = "$(BUILT_PRODUCTS_DIR)/SmoothOutlinedLabelDemo.app/$(BUNDLE_EXECUTABLE_FOLDER_PATH)/SmoothOutlinedLabelDemo";
			};
			name = Release;
		};
		566654392DEB165A008A54D1 /* Debug */ = {
			isa = XCBuildConfiguration;
			buildSettings = {
				CODE_SIGN_STYLE = Automatic;
				CURRENT_PROJECT_VERSION = 1;
				DEVELOPMENT_TEAM = QM32T3R7FX;
				GENERATE_INFOPLIST_FILE = YES;
				MARKETING_VERSION = 1.0;
				PRODUCT_BUNDLE_IDENTIFIER = com.aitori.moment.SmoothOutlinedLabelDemoUITests;
				PRODUCT_NAME = "$(TARGET_NAME)";
				SWIFT_EMIT_LOC_STRINGS = NO;
				SWIFT_VERSION = 5.0;
				TARGETED_DEVICE_FAMILY = "1,2";
				TEST_TARGET_NAME = SmoothOutlinedLabelDemo;
			};
			name = Debug;
		};
		5666543A2DEB165A008A54D1 /* Release */ = {
			isa = XCBuildConfiguration;
			buildSettings = {
				CODE_SIGN_STYLE = Automatic;
				CURRENT_PROJECT_VERSION = 1;
				DEVELOPMENT_TEAM = QM32T3R7FX;
				GENERATE_INFOPLIST_FILE = YES;
				MARKETING_VERSION = 1.0;
				PRODUCT_BUNDLE_IDENTIFIER = com.aitori.moment.SmoothOutlinedLabelDemoUITests;
				PRODUCT_NAME = "$(TARGET_NAME)";
				SWIFT_EMIT_LOC_STRINGS = NO;
				SWIFT_VERSION = 5.0;
				TARGETED_DEVICE_FAMILY = "1,2";
				TEST_TARGET_NAME = SmoothOutlinedLabelDemo;
			};
			name = Release;
		};
/* End XCBuildConfiguration section */

/* Begin XCConfigurationList section */
		566654022DEB1657008A54D1 /* Build configuration list for PBXProject "SmoothOutlinedLabelDemo" */ = {
			isa = XCConfigurationList;
			buildConfigurations = (
				566654332DEB165A008A54D1 /* Debug */,
				566654342DEB165A008A54D1 /* Release */,
			);
			defaultConfigurationIsVisible = 0;
			defaultConfigurationName = Release;
		};
		566654302DEB165A008A54D1 /* Build configuration list for PBXNativeTarget "SmoothOutlinedLabelDemo" */ = {
			isa = XCConfigurationList;
			buildConfigurations = (
				566654312DEB165A008A54D1 /* Debug */,
				566654322DEB165A008A54D1 /* Release */,
			);
			defaultConfigurationIsVisible = 0;
			defaultConfigurationName = Release;
		};
		566654352DEB165A008A54D1 /* Build configuration list for PBXNativeTarget "SmoothOutlinedLabelDemoTests" */ = {
			isa = XCConfigurationList;
			buildConfigurations = (
				566654362DEB165A008A54D1 /* Debug */,
				566654372DEB165A008A54D1 /* Release */,
			);
			defaultConfigurationIsVisible = 0;
			defaultConfigurationName = Release;
		};
		566654382DEB165A008A54D1 /* Build configuration list for PBXNativeTarget "SmoothOutlinedLabelDemoUITests" */ = {
			isa = XCConfigurationList;
			buildConfigurations = (
				566654392DEB165A008A54D1 /* Debug */,
				5666543A2DEB165A008A54D1 /* Release */,
			);
			defaultConfigurationIsVisible = 0;
			defaultConfigurationName = Release;
		};
/* End XCConfigurationList section */
	};
	rootObject = 566653FF2DEB1657008A54D1 /* Project object */;
}
